
Microsoft Visual Studio Solution File, Format Version 12.00
# Visual Studio Version 17
VisualStudioVersion = 17.9.34622.214
MinimumVisualStudioVersion = 10.0.40219.1
Project("{FAE04EC0-301F-11D3-BF4B-00C04F79EFBC}") = "labtask10", "labtask10\labtask10.csproj", "{27690657-299B-4677-86A5-14C6A95C2F63}"
EndProject
Global
	GlobalSection(SolutionConfigurationPlatforms) = preSolution
		Debug|Any CPU = Debug|Any CPU
		Release|Any CPU = Release|Any CPU
	EndGlobalSection
	GlobalSection(ProjectConfigurationPlatforms) = postSolution
		{27690657-299B-4677-86A5-14C6A95C2F63}.Debug|Any CPU.ActiveCfg = Debug|Any CPU
		{27690657-299B-4677-86A5-14C6A95C2F63}.Debug|Any CPU.Build.0 = Debug|Any CPU
		{27690657-299B-4677-86A5-14C6A95C2F63}.Release|Any CPU.ActiveCfg = Release|Any CPU
		{27690657-299B-4677-86A5-14C6A95C2F63}.Release|Any CPU.Build.0 = Release|Any CPU
	EndGlobalSection
	GlobalSection(SolutionProperties) = preSolution
		HideSolutionNode = FALSE
	EndGlobalSection
	GlobalSection(ExtensibilityGlobals) = postSolution
		SolutionGuid = {29E6118B-694A-4591-A95D-6E3A8FCF005B}
	EndGlobalSection
EndGlobal
